
Microsoft Visual Studio Solution File, Format Version 12.00
# Visual Studio 15
VisualStudioVersion = 15.0.27703.2000
MinimumVisualStudioVersion = 10.0.40219.1
Project("{FAE04EC0-301F-11D3-BF4B-00C04F79EFBC}") = "ComicBookGallery", "ComicBookGallery\ComicBookGallery.csproj", "{A012591D-D83B-4B27-B9CB-49B9451107D2}"
EndProject
Global
	GlobalSection(SolutionConfigurationPlatforms) = preSolution
		Debug|Any CPU = Debug|Any CPU
		Release|Any CPU = Release|Any CPU
	EndGlobalSection
	GlobalSection(ProjectConfigurationPlatforms) = postSolution
		{A012591D-D83B-4B27-B9CB-49B9451107D2}.Debug|Any CPU.ActiveCfg = Debug|Any CPU
		{A012591D-D83B-4B27-B9CB-49B9451107D2}.Debug|Any CPU.Build.0 = Debug|Any CPU
		{A012591D-D83B-4B27-B9CB-49B9451107D2}.Release|Any CPU.ActiveCfg = Release|Any CPU
		{A012591D-D83B-4B27-B9CB-49B9451107D2}.Release|Any CPU.Build.0 = Release|Any CPU
	EndGlobalSection
	GlobalSection(SolutionProperties) = preSolution
		HideSolutionNode = FALSE
	EndGlobalSection
	GlobalSection(ExtensibilityGlobals) = postSolution
		SolutionGuid = {6E8F45B2-F7B9-42B2-9182-4706E7C3885F}
	EndGlobalSection
EndGlobal
